
Microsoft Visual Studio Solution File, Format Version 12.00
# Visual Studio 15
VisualStudioVersion = 15.0.28307.168
MinimumVisualStudioVersion = 10.0.40219.1
Project("{FAE04EC0-301F-11D3-BF4B-00C04F79EFBC}") = "DeathStar", "DeathStar\DeathStar.csproj", "{9AECF1A5-003B-43D0-9A04-DE623D005FE9}"
EndProject
Project("{FAE04EC0-301F-11D3-BF4B-00C04F79EFBC}") = "DeathStar.Tests", "DeathStar.Tests\DeathStar.Tests.csproj", "{49F5BFC9-B64D-47F3-8F77-C1B823C4B824}"
EndProject
Global
	GlobalSection(SolutionConfigurationPlatforms) = preSolution
		Debug|Any CPU = Debug|Any CPU
		Release|Any CPU = Release|Any CPU
	EndGlobalSection
	GlobalSection(ProjectConfigurationPlatforms) = postSolution
		{9AECF1A5-003B-43D0-9A04-DE623D005FE9}.Debug|Any CPU.ActiveCfg = Debug|Any CPU
		{9AECF1A5-003B-43D0-9A04-DE623D005FE9}.Debug|Any CPU.Build.0 = Debug|Any CPU
		{9AECF1A5-003B-43D0-9A04-DE623D005FE9}.Release|Any CPU.ActiveCfg = Release|Any CPU
		{9AECF1A5-003B-43D0-9A04-DE623D005FE9}.Release|Any CPU.Build.0 = Release|Any CPU
		{49F5BFC9-B64D-47F3-8F77-C1B823C4B824}.Debug|Any CPU.ActiveCfg = Debug|Any CPU
		{49F5BFC9-B64D-47F3-8F77-C1B823C4B824}.Debug|Any CPU.Build.0 = Debug|Any CPU
		{49F5BFC9-B64D-47F3-8F77-C1B823C4B824}.Release|Any CPU.ActiveCfg = Release|Any CPU
		{49F5BFC9-B64D-47F3-8F77-C1B823C4B824}.Release|Any CPU.Build.0 = Release|Any CPU
	EndGlobalSection
	GlobalSection(SolutionProperties) = preSolution
		HideSolutionNode = FALSE
	EndGlobalSection
	GlobalSection(ExtensibilityGlobals) = postSolution
		SolutionGuid = {08CFA837-4163-4E19-A954-3D742CF90427}
	EndGlobalSection
EndGlobal
